
Microsoft Visual Studio Solution File, Format Version 12.00
# Visual Studio Version 17
VisualStudioVersion = 17.8.34511.84
MinimumVisualStudioVersion = 10.0.40219.1
Project("{FAE04EC0-301F-11D3-BF4B-00C04F79EFBC}") = "MvcCoreCSRF", "MvcCoreCSRF\MvcCoreCSRF.csproj", "{7DE81700-D88F-4AFD-A221-2282A180CB04}"
EndProject
Global
	GlobalSection(SolutionConfigurationPlatforms) = preSolution
		Debug|Any CPU = Debug|Any CPU
		Release|Any CPU = Release|Any CPU
	EndGlobalSection
	GlobalSection(ProjectConfigurationPlatforms) = postSolution
		{7DE81700-D88F-4AFD-A221-2282A180CB04}.Debug|Any CPU.ActiveCfg = Debug|Any CPU
		{7DE81700-D88F-4AFD-A221-2282A180CB04}.Debug|Any CPU.Build.0 = Debug|Any CPU
		{7DE81700-D88F-4AFD-A221-2282A180CB04}.Release|Any CPU.ActiveCfg = Release|Any CPU
		{7DE81700-D88F-4AFD-A221-2282A180CB04}.Release|Any CPU.Build.0 = Release|Any CPU
	EndGlobalSection
	GlobalSection(SolutionProperties) = preSolution
		HideSolutionNode = FALSE
	EndGlobalSection
	GlobalSection(ExtensibilityGlobals) = postSolution
		SolutionGuid = {78048DD5-2D39-460A-BDBC-72053E9C87BF}
	EndGlobalSection
EndGlobal
